
Microsoft Visual Studio Solution File, Format Version 12.00
# Visual Studio Version 16
VisualStudioVersion = 16.0.29911.84
MinimumVisualStudioVersion = 10.0.40219.1
Project("{FAE04EC0-301F-11D3-BF4B-00C04F79EFBC}") = "IdentityDemo", "IdentityDemo\IdentityDemo.csproj", "{2D37B903-2D89-42F4-B35B-9B0E6ABDD4BD}"
EndProject
Global
	GlobalSection(SolutionConfigurationPlatforms) = preSolution
		Debug|Any CPU = Debug|Any CPU
		Release|Any CPU = Release|Any CPU
	EndGlobalSection
	GlobalSection(ProjectConfigurationPlatforms) = postSolution
		{2D37B903-2D89-42F4-B35B-9B0E6ABDD4BD}.Debug|Any CPU.ActiveCfg = Debug|Any CPU
		{2D37B903-2D89-42F4-B35B-9B0E6ABDD4BD}.Debug|Any CPU.Build.0 = Debug|Any CPU
		{2D37B903-2D89-42F4-B35B-9B0E6ABDD4BD}.Release|Any CPU.ActiveCfg = Release|Any CPU
		{2D37B903-2D89-42F4-B35B-9B0E6ABDD4BD}.Release|Any CPU.Build.0 = Release|Any CPU
	EndGlobalSection
	GlobalSection(SolutionProperties) = preSolution
		HideSolutionNode = FALSE
	EndGlobalSection
	GlobalSection(ExtensibilityGlobals) = postSolution
		SolutionGuid = {5FA98537-85F4-4338-837B-E1BEB669FB0B}
	EndGlobalSection
EndGlobal
